{
  "requires": true,
  "lockfileVersion": 1,
  "dependencies": {
    "filters.css": {
      "version": "1.0.0",
      "resolved": "https://registry.npmjs.org/filters.css/-/filters.css-1.0.0.tgz",
      "integrity": "sha512-r6DU0lKyEaMdIzndCChymCrAYQCPVr+kvdToWUFg0F9jKJWMGZ2ZPNJA/ezztRZl7LK5ZKRFY1cQfEBIOdFQBA=="
    },
    "party-js": {
      "version": "2.2.0",
      "resolved": "https://registry.npmjs.org/party-js/-/party-js-2.2.0.tgz",
      "integrity": "sha512-50hGuALCpvDTrQLPQ1fgUgxKIWAH28ShVkmeK/3zhO0YJyCqkhrZhQEkWPxDYLvbFJ7YAXyROmFEu35gKpZLtQ=="
    }
  }
}
